{
    "name": "node-red-project",
    "version": "0.0.1",
    "lockfileVersion": 3,
    "requires": true,
    "packages": {
        "": {
            "name": "node-red-project",
            "version": "0.0.1",
            "dependencies": {
                "node-red-contrib-home-assistant-websocket": "~0.75.0",
                "node-red-contrib-influxdb": "~0.7.0"
            }
        },
        "node_modules/@hapi/hoek": {
            "version": "9.3.0",
            "resolved": "https://registry.npmjs.org/@hapi/hoek/-/hoek-9.3.0.tgz",
            "integrity": "sha512-/c6rf4UJlmHlC9b5BaNvzAcFv7HZ2QHaV0D4/HNlBdvFnvQq8RI4kYdhyPCl7Xj+oWvTWQ8ujhqS53LIgAe6KQ==",
            "license": "BSD-3-Clause"
        },
        "node_modules/@hapi/topo": {
            "version": "5.1.0",
            "resolved": "https://registry.npmjs.org/@hapi/topo/-/topo-5.1.0.tgz",
            "integrity": "sha512-foQZKJig7Ob0BMAYBfcJk8d77QtOe7Wo4ox7ff1lQYoNNAb6jwcY1ncdoy2e9wQZzvNy7ODZCYJkK8kzmcAnAg==",
            "license": "BSD-3-Clause",
            "dependencies": {
                "@hapi/hoek": "^9.0.0"
            }
        },
        "node_modules/@influxdata/influxdb-client": {
            "version": "1.33.2",
            "resolved": "https://registry.npmjs.org/@influxdata/influxdb-client/-/influxdb-client-1.33.2.tgz",
            "integrity": "sha512-RT5SxH+grHAazo/YK3UTuWK/frPWRM0N7vkrCUyqVprDgQzlLP+bSK4ak2Jv3QVF/pazTnsxWjvtKZdwskV5Xw==",
            "license": "MIT"
        },
        "node_modules/@sideway/address": {
            "version": "4.1.5",
            "resolved": "https://registry.npmjs.org/@sideway/address/-/address-4.1.5.tgz",
            "integrity": "sha512-IqO/DUQHUkPeixNQ8n0JA6102hT9CmaljNTPmQ1u8MEhBo/R4Q8eKLN/vGZxuebwOroDB4cbpjheD4+/sKFK4Q==",
            "license": "BSD-3-Clause",
            "dependencies": {
                "@hapi/hoek": "^9.0.0"
            }
        },
        "node_modules/@sideway/formula": {
            "version": "3.0.1",
            "resolved": "https://registry.npmjs.org/@sideway/formula/-/formula-3.0.1.tgz",
            "integrity": "sha512-/poHZJJVjx3L+zVD6g9KgHfYnb443oi7wLu/XKojDviHy6HOEOA6z1Trk5aR1dGcmPenJEgb2sK2I80LeS3MIg==",
            "license": "BSD-3-Clause"
        },
        "node_modules/@sideway/pinpoint": {
            "version": "2.0.0",
            "resolved": "https://registry.npmjs.org/@sideway/pinpoint/-/pinpoint-2.0.0.tgz",
            "integrity": "sha512-RNiOoTPkptFtSVzQevY/yWtZwf/RxyVnPy/OcA9HBM3MlGDnBEYL5B41H0MTn0Uec8Hi+2qUtTfG2WWZBmMejQ==",
            "license": "BSD-3-Clause"
        },
        "node_modules/array-flatten": {
            "version": "2.1.2",
            "resolved": "https://registry.npmjs.org/array-flatten/-/array-flatten-2.1.2.tgz",
            "integrity": "sha512-hNfzcOV8W4NdualtqBFPyVO+54DSJuZGY9qT4pRroB6S9e3iiido2ISIC5h9R2sPJ8H3FHCIiEnsv1lPXO3KtQ==",
            "license": "MIT"
        },
        "node_modules/asynckit": {
            "version": "0.4.0",
            "resolved": "https://registry.npmjs.org/asynckit/-/asynckit-0.4.0.tgz",
            "integrity": "sha512-Oei9OH4tRh0YqU3GxhX79dM/mwVgvbZJaSNaRk+bshkj0S5cfHcgYakreBjrHwatXKbz+IoIdYLxrKim2MjW0Q==",
            "license": "MIT"
        },
        "node_modules/axios": {
            "version": "1.7.7",
            "resolved": "https://registry.npmjs.org/axios/-/axios-1.7.7.tgz",
            "integrity": "sha512-S4kL7XrjgBmvdGut0sN3yJxqYzrDOnivkBiN0OFs6hLiUam3UPvswUo0kqGyhqUZGEOytHyumEdXsAkgCOUf3Q==",
            "license": "MIT",
            "dependencies": {
                "follow-redirects": "^1.15.6",
                "form-data": "^4.0.0",
                "proxy-from-env": "^1.1.0"
            }
        },
        "node_modules/bonjour": {
            "version": "3.5.0",
            "resolved": "https://registry.npmjs.org/bonjour/-/bonjour-3.5.0.tgz",
            "integrity": "sha512-RaVTblr+OnEli0r/ud8InrU7D+G0y6aJhlxaLa6Pwty4+xoxboF1BsUI45tujvRpbj9dQVoglChqonGAsjEBYg==",
            "license": "MIT",
            "dependencies": {
                "array-flatten": "^2.1.0",
                "deep-equal": "^1.0.1",
                "dns-equal": "^1.0.0",
                "dns-txt": "^2.0.2",
                "multicast-dns": "^6.0.1",
                "multicast-dns-service-types": "^1.1.0"
            }
        },
        "node_modules/brackets2dots": {
            "version": "1.1.0",
            "resolved": "https://registry.npmjs.org/brackets2dots/-/brackets2dots-1.1.0.tgz",
            "integrity": "sha512-DEIJz+ebFQ2SYPpXd8owCjy+8H+9N2Pd9DeSf0J33oavLyBYpAtjLg/Z/RmdJdTeHmKVva+L411HjnvyV2rSOA==",
            "license": "MIT"
        },
        "node_modules/buffer-indexof": {
            "version": "1.1.1",
            "resolved": "https://registry.npmjs.org/buffer-indexof/-/buffer-indexof-1.1.1.tgz",
            "integrity": "sha512-4/rOEg86jivtPTeOUUT61jJO1Ya1TrR/OkqCSZDyq84WJh3LuuiphBYJN+fm5xufIk4XAFcEwte/8WzC8If/1g==",
            "license": "MIT"
        },
        "node_modules/call-bind": {
            "version": "1.0.8",
            "resolved": "https://registry.npmjs.org/call-bind/-/call-bind-1.0.8.tgz",
            "integrity": "sha512-oKlSFMcMwpUg2ednkhQ454wfWiU/ul3CkJe/PEHcTKuiX6RpbehUiFMXu13HalGZxfUwCQzZG747YXBn1im9ww==",
            "license": "MIT",
            "dependencies": {
                "call-bind-apply-helpers": "^1.0.0",
                "es-define-property": "^1.0.0",
                "get-intrinsic": "^1.2.4",
                "set-function-length": "^1.2.2"
            },
            "engines": {
                "node": ">= 0.4"
            },
            "funding": {
                "url": "https://github.com/sponsors/ljharb"
            }
        },
        "node_modules/call-bind-apply-helpers": {
            "version": "1.0.2",
            "resolved": "https://registry.npmjs.org/call-bind-apply-helpers/-/call-bind-apply-helpers-1.0.2.tgz",
            "integrity": "sha512-Sp1ablJ0ivDkSzjcaJdxEunN5/XvksFJ2sMBFfq6x0ryhQV/2b/KwFe21cMpmHtPOSij8K99/wSfoEuTObmuMQ==",
            "license": "MIT",
            "dependencies": {
                "es-errors": "^1.3.0",
                "function-bind": "^1.1.2"
            },
            "engines": {
                "node": ">= 0.4"
            }
        },
        "node_modules/call-bound": {
            "version": "1.0.4",
            "resolved": "https://registry.npmjs.org/call-bound/-/call-bound-1.0.4.tgz",
            "integrity": "sha512-+ys997U96po4Kx/ABpBCqhA9EuxJaQWDQg7295H4hBphv3IZg0boBKuwYpt4YXp6MZ5AmZQnU/tyMTlRpaSejg==",
            "license": "MIT",
            "dependencies": {
                "call-bind-apply-helpers": "^1.0.2",
                "get-intrinsic": "^1.3.0"
            },
            "engines": {
                "node": ">= 0.4"
            },
            "funding": {
                "url": "https://github.com/sponsors/ljharb"
            }
        },
        "node_modules/combined-stream": {
            "version": "1.0.8",
            "resolved": "https://registry.npmjs.org/combined-stream/-/combined-stream-1.0.8.tgz",
            "integrity": "sha512-FQN4MRfuJeHf7cBbBMJFXhKSDq+2kAArBlmRBvcvFE5BB1HZKXtSFASDhdlz9zOYwxh8lDdnvmMOe/+5cdoEdg==",
            "license": "MIT",
            "dependencies": {
                "delayed-stream": "~1.0.0"
            },
            "engines": {
                "node": ">= 0.8"
            }
        },
        "node_modules/compare-versions": {
            "version": "6.1.1",
            "resolved": "https://registry.npmjs.org/compare-versions/-/compare-versions-6.1.1.tgz",
            "integrity": "sha512-4hm4VPpIecmlg59CHXnRDnqGplJFrbLG4aFEl5vl6cK1u76ws3LLvX7ikFnTDl5vo39sjWD6AaDPYodJp/NNHg==",
            "license": "MIT"
        },
        "node_modules/cronosjs": {
            "version": "1.7.1",
            "resolved": "https://registry.npmjs.org/cronosjs/-/cronosjs-1.7.1.tgz",
            "integrity": "sha512-d6S6+ep7dJxsAG8OQQCdKuByI/S/AV64d9OF5mtmcykOyPu92cAkAnF3Tbc9s5oOaLQBYYQmTNvjqYRkPJ/u5Q==",
            "license": "ISC",
            "engines": {
                "node": ">=8.0.0"
            }
        },
        "node_modules/curry2": {
            "version": "1.0.3",
            "resolved": "https://registry.npmjs.org/curry2/-/curry2-1.0.3.tgz",
            "integrity": "sha512-2vXqPLsITt0ccyczu1BFl3tc8Q6BOCsTHt+NZYasd8wp60RQIYhGM3Beis5h5FgJPT11M1rfiKOR7dPL6cL14Q==",
            "license": "MIT",
            "dependencies": {
                "fast-bind": "^1.0.0"
            }
        },
        "node_modules/debug": {
            "version": "4.3.7",
            "resolved": "https://registry.npmjs.org/debug/-/debug-4.3.7.tgz",
            "integrity": "sha512-Er2nc/H7RrMXZBFCEim6TCmMk02Z8vLC2Rbi1KEBggpo0fS6l0S1nnapwmIi3yW/+GOJap1Krg4w0Hg80oCqgQ==",
            "license": "MIT",
            "dependencies": {
                "ms": "^2.1.3"
            },
            "engines": {
                "node": ">=6.0"
            },
            "peerDependenciesMeta": {
                "supports-color": {
                    "optional": true
                }
            }
        },
        "node_modules/deep-equal": {
            "version": "1.1.2",
            "resolved": "https://registry.npmjs.org/deep-equal/-/deep-equal-1.1.2.tgz",
            "integrity": "sha512-5tdhKF6DbU7iIzrIOa1AOUt39ZRm13cmL1cGEh//aqR8x9+tNfbywRf0n5FD/18OKMdo7DNEtrX2t22ZAkI+eg==",
            "license": "MIT",
            "dependencies": {
                "is-arguments": "^1.1.1",
                "is-date-object": "^1.0.5",
                "is-regex": "^1.1.4",
                "object-is": "^1.1.5",
                "object-keys": "^1.1.1",
                "regexp.prototype.flags": "^1.5.1"
            },
            "engines": {
                "node": ">= 0.4"
            },
            "funding": {
                "url": "https://github.com/sponsors/ljharb"
            }
        },
        "node_modules/define-data-property": {
            "version": "1.1.4",
            "resolved": "https://registry.npmjs.org/define-data-property/-/define-data-property-1.1.4.tgz",
            "integrity": "sha512-rBMvIzlpA8v6E+SJZoo++HAYqsLrkg7MSfIinMPFhmkorw7X+dOXVJQs+QT69zGkzMyfDnIMN2Wid1+NbL3T+A==",
            "license": "MIT",
            "dependencies": {
                "es-define-property": "^1.0.0",
                "es-errors": "^1.3.0",
                "gopd": "^1.0.1"
            },
            "engines": {
                "node": ">= 0.4"
            },
            "funding": {
                "url": "https://github.com/sponsors/ljharb"
            }
        },
        "node_modules/define-properties": {
            "version": "1.2.1",
            "resolved": "https://registry.npmjs.org/define-properties/-/define-properties-1.2.1.tgz",
            "integrity": "sha512-8QmQKqEASLd5nx0U1B1okLElbUuuttJ/AnYmRXbbbGDWh6uS208EjD4Xqq/I9wK7u0v6O08XhTWnt5XtEbR6Dg==",
            "license": "MIT",
            "dependencies": {
                "define-data-property": "^1.0.1",
                "has-property-descriptors": "^1.0.0",
                "object-keys": "^1.1.1"
            },
            "engines": {
                "node": ">= 0.4"
            },
            "funding": {
                "url": "https://github.com/sponsors/ljharb"
            }
        },
        "node_modules/delayed-stream": {
            "version": "1.0.0",
            "resolved": "https://registry.npmjs.org/delayed-stream/-/delayed-stream-1.0.0.tgz",
            "integrity": "sha512-ZySD7Nf91aLB0RxL4KGrKHBXl7Eds1DAmEdcoVawXnLD7SDhpNgtuII2aAkg7a7QS41jxPSZ17p4VdGnMHk3MQ==",
            "license": "MIT",
            "engines": {
                "node": ">=0.4.0"
            }
        },
        "node_modules/dns-equal": {
            "version": "1.0.0",
            "resolved": "https://registry.npmjs.org/dns-equal/-/dns-equal-1.0.0.tgz",
            "integrity": "sha512-z+paD6YUQsk+AbGCEM4PrOXSss5gd66QfcVBFTKR/HpFL9jCqikS94HYwKww6fQyO7IxrIIyUu+g0Ka9tUS2Cg==",
            "license": "MIT"
        },
        "node_modules/dns-packet": {
            "version": "1.3.4",
            "resolved": "https://registry.npmjs.org/dns-packet/-/dns-packet-1.3.4.tgz",
            "integrity": "sha512-BQ6F4vycLXBvdrJZ6S3gZewt6rcrks9KBgM9vrhW+knGRqc8uEdT7fuCwloc7nny5xNoMJ17HGH0R/6fpo8ECA==",
            "license": "MIT",
            "dependencies": {
                "ip": "^1.1.0",
                "safe-buffer": "^5.0.1"
            }
        },
        "node_modules/dns-txt": {
            "version": "2.0.2",
            "resolved": "https://registry.npmjs.org/dns-txt/-/dns-txt-2.0.2.tgz",
            "integrity": "sha512-Ix5PrWjphuSoUXV/Zv5gaFHjnaJtb02F2+Si3Ht9dyJ87+Z/lMmy+dpNHtTGraNK958ndXq2i+GLkWsWHcKaBQ==",
            "license": "MIT",
            "dependencies": {
                "buffer-indexof": "^1.0.0"
            }
        },
        "node_modules/dotsplit.js": {
            "version": "1.1.0",
            "resolved": "https://registry.npmjs.org/dotsplit.js/-/dotsplit.js-1.1.0.tgz",
            "integrity": "sha512-oFVx9VEE+M3yM4oUkaiDa+U2RhOmjXWyXwtfdc5UiHDSZWleE96FS3nx3yXMVuhLJOdI2GMThvaegkwRYPgAFQ==",
            "license": "MIT"
        },
        "node_modules/dunder-proto": {
            "version": "1.0.1",
            "resolved": "https://registry.npmjs.org/dunder-proto/-/dunder-proto-1.0.1.tgz",
            "integrity": "sha512-KIN/nDJBQRcXw0MLVhZE9iQHmG68qAVIBg9CqmUYjmQIhgij9U5MFvrqkUL5FbtyyzZuOeOt0zdeRe4UY7ct+A==",
            "license": "MIT",
            "dependencies": {
                "call-bind-apply-helpers": "^1.0.1",
                "es-errors": "^1.3.0",
                "gopd": "^1.2.0"
            },
            "engines": {
                "node": ">= 0.4"
            }
        },
        "node_modules/es-define-property": {
            "version": "1.0.1",
            "resolved": "https://registry.npmjs.org/es-define-property/-/es-define-property-1.0.1.tgz",
            "integrity": "sha512-e3nRfgfUZ4rNGL232gUgX06QNyyez04KdjFrF+LTRoOXmrOgFKDg4BCdsjW8EnT69eqdYGmRpJwiPVYNrCaW3g==",
            "license": "MIT",
            "engines": {
                "node": ">= 0.4"
            }
        },
        "node_modules/es-errors": {
            "version": "1.3.0",
            "resolved": "https://registry.npmjs.org/es-errors/-/es-errors-1.3.0.tgz",
            "integrity": "sha512-Zf5H2Kxt2xjTvbJvP2ZWLEICxA6j+hAmMzIlypy4xcBg1vKVnx89Wy0GbS+kf5cwCVFFzdCFh2XSCFNULS6csw==",
            "license": "MIT",
            "engines": {
                "node": ">= 0.4"
            }
        },
        "node_modules/es-object-atoms": {
            "version": "1.1.1",
            "resolved": "https://registry.npmjs.org/es-object-atoms/-/es-object-atoms-1.1.1.tgz",
            "integrity": "sha512-FGgH2h8zKNim9ljj7dankFPcICIK9Cp5bm+c2gQSYePhpaG5+esrLODihIorn+Pe6FGJzWhXQotPv73jTaldXA==",
            "license": "MIT",
            "dependencies": {
                "es-errors": "^1.3.0"
            },
            "engines": {
                "node": ">= 0.4"
            }
        },
        "node_modules/es-set-tostringtag": {
            "version": "2.1.0",
            "resolved": "https://registry.npmjs.org/es-set-tostringtag/-/es-set-tostringtag-2.1.0.tgz",
            "integrity": "sha512-j6vWzfrGVfyXxge+O0x5sh6cvxAog0a/4Rdd2K36zCMV5eJ+/+tOAngRO8cODMNWbVRdVlmGZQL2YS3yR8bIUA==",
            "license": "MIT",
            "dependencies": {
                "es-errors": "^1.3.0",
                "get-intrinsic": "^1.2.6",
                "has-tostringtag": "^1.0.2",
                "hasown": "^2.0.2"
            },
            "engines": {
                "node": ">= 0.4"
            }
        },
        "node_modules/fast-bind": {
            "version": "1.0.0",
            "resolved": "https://registry.npmjs.org/fast-bind/-/fast-bind-1.0.0.tgz",
            "integrity": "sha512-kna1xVU4nn4HW4RVwh6VYSWoii+u8EkWKS3I6YZluncEvtQwahHKhZTRPFHOOkeJK4m0/Tz2Ir9n10tARqeiXw==",
            "license": "ISC"
        },
        "node_modules/flat": {
            "version": "5.0.2",
            "resolved": "https://registry.npmjs.org/flat/-/flat-5.0.2.tgz",
            "integrity": "sha512-b6suED+5/3rTpUBdG1gupIl8MPFCAMA0QXwmljLhvCUKcUvdE4gWky9zpuGCcXHOsz4J9wPGNWq6OKpmIzz3hQ==",
            "license": "BSD-3-Clause",
            "bin": {
                "flat": "cli.js"
            }
        },
        "node_modules/follow-redirects": {
            "version": "1.15.9",
            "resolved": "https://registry.npmjs.org/follow-redirects/-/follow-redirects-1.15.9.tgz",
            "integrity": "sha512-gew4GsXizNgdoRyqmyfMHyAmXsZDk6mHkSxZFCzW9gwlbtOW44CDtYavM+y+72qD/Vq2l550kMF52DT8fOLJqQ==",
            "funding": [
                {
                    "type": "individual",
                    "url": "https://github.com/sponsors/RubenVerborgh"
                }
            ],
            "license": "MIT",
            "engines": {
                "node": ">=4.0"
            },
            "peerDependenciesMeta": {
                "debug": {
                    "optional": true
                }
            }
        },
        "node_modules/form-data": {
            "version": "4.0.2",
            "resolved": "https://registry.npmjs.org/form-data/-/form-data-4.0.2.tgz",
            "integrity": "sha512-hGfm/slu0ZabnNt4oaRZ6uREyfCj6P4fT/n6A1rGV+Z0VdGXjfOhVUpkn6qVQONHGIFwmveGXyDs75+nr6FM8w==",
            "license": "MIT",
            "dependencies": {
                "asynckit": "^0.4.0",
                "combined-stream": "^1.0.8",
                "es-set-tostringtag": "^2.1.0",
                "mime-types": "^2.1.12"
            },
            "engines": {
                "node": ">= 6"
            }
        },
        "node_modules/function-bind": {
            "version": "1.1.2",
            "resolved": "https://registry.npmjs.org/function-bind/-/function-bind-1.1.2.tgz",
            "integrity": "sha512-7XHNxH7qX9xG5mIwxkhumTox/MIRNcOgDrxWsMt2pAr23WHp6MrRlN7FBSFpCpr+oVO0F744iUgR82nJMfG2SA==",
            "license": "MIT",
            "funding": {
                "url": "https://github.com/sponsors/ljharb"
            }
        },
        "node_modules/functions-have-names": {
            "version": "1.2.3",
            "resolved": "https://registry.npmjs.org/functions-have-names/-/functions-have-names-1.2.3.tgz",
            "integrity": "sha512-xckBUXyTIqT97tq2x2AMb+g163b5JFysYk0x4qxNFwbfQkmNZoiRHb6sPzI9/QV33WeuvVYBUIiD4NzNIyqaRQ==",
            "license": "MIT",
            "funding": {
                "url": "https://github.com/sponsors/ljharb"
            }
        },
        "node_modules/geolib": {
            "version": "3.3.4",
            "resolved": "https://registry.npmjs.org/geolib/-/geolib-3.3.4.tgz",
            "integrity": "sha512-EicrlLLL3S42gE9/wde+11uiaYAaeSVDwCUIv2uMIoRBfNJCn8EsSI+6nS3r4TCKDO6+RQNM9ayLq2at+oZQWQ==",
            "license": "MIT"
        },
        "node_modules/get-intrinsic": {
            "version": "1.3.0",
            "resolved": "https://registry.npmjs.org/get-intrinsic/-/get-intrinsic-1.3.0.tgz",
            "integrity": "sha512-9fSjSaos/fRIVIp+xSJlE6lfwhES7LNtKaCBIamHsjr2na1BiABJPo0mOjjz8GJDURarmCPGqaiVg5mfjb98CQ==",
            "license": "MIT",
            "dependencies": {
                "call-bind-apply-helpers": "^1.0.2",
                "es-define-property": "^1.0.1",
                "es-errors": "^1.3.0",
                "es-object-atoms": "^1.1.1",
                "function-bind": "^1.1.2",
                "get-proto": "^1.0.1",
                "gopd": "^1.2.0",
                "has-symbols": "^1.1.0",
                "hasown": "^2.0.2",
                "math-intrinsics": "^1.1.0"
            },
            "engines": {
                "node": ">= 0.4"
            },
            "funding": {
                "url": "https://github.com/sponsors/ljharb"
            }
        },
        "node_modules/get-proto": {
            "version": "1.0.1",
            "resolved": "https://registry.npmjs.org/get-proto/-/get-proto-1.0.1.tgz",
            "integrity": "sha512-sTSfBjoXBp89JvIKIefqw7U2CCebsc74kiY6awiGogKtoSGbgjYE/G/+l9sF3MWFPNc9IcoOC4ODfKHfxFmp0g==",
            "license": "MIT",
            "dependencies": {
                "dunder-proto": "^1.0.1",
                "es-object-atoms": "^1.0.0"
            },
            "engines": {
                "node": ">= 0.4"
            }
        },
        "node_modules/gopd": {
            "version": "1.2.0",
            "resolved": "https://registry.npmjs.org/gopd/-/gopd-1.2.0.tgz",
            "integrity": "sha512-ZUKRh6/kUFoAiTAtTYPZJ3hw9wNxx+BIBOijnlG9PnrJsCcSjs1wyyD6vJpaYtgnzDrKYRSqf3OO6Rfa93xsRg==",
            "license": "MIT",
            "engines": {
                "node": ">= 0.4"
            },
            "funding": {
                "url": "https://github.com/sponsors/ljharb"
            }
        },
        "node_modules/graceful-fs": {
            "version": "4.2.11",
            "resolved": "https://registry.npmjs.org/graceful-fs/-/graceful-fs-4.2.11.tgz",
            "integrity": "sha512-RbJ5/jmFcNNCcDV5o9eTnBLJ/HszWV0P73bc+Ff4nS/rJj+YaS6IGyiOL0VoBYX+l1Wrl3k63h/KrH+nhJ0XvQ==",
            "license": "ISC"
        },
        "node_modules/has-property-descriptors": {
            "version": "1.0.2",
            "resolved": "https://registry.npmjs.org/has-property-descriptors/-/has-property-descriptors-1.0.2.tgz",
            "integrity": "sha512-55JNKuIW+vq4Ke1BjOTjM2YctQIvCT7GFzHwmfZPGo5wnrgkid0YQtnAleFSqumZm4az3n2BS+erby5ipJdgrg==",
            "license": "MIT",
            "dependencies": {
                "es-define-property": "^1.0.0"
            },
            "funding": {
                "url": "https://github.com/sponsors/ljharb"
            }
        },
        "node_modules/has-symbols": {
            "version": "1.1.0",
            "resolved": "https://registry.npmjs.org/has-symbols/-/has-symbols-1.1.0.tgz",
            "integrity": "sha512-1cDNdwJ2Jaohmb3sg4OmKaMBwuC48sYni5HUw2DvsC8LjGTLK9h+eb1X6RyuOHe4hT0ULCW68iomhjUoKUqlPQ==",
            "license": "MIT",
            "engines": {
                "node": ">= 0.4"
            },
            "funding": {
                "url": "https://github.com/sponsors/ljharb"
            }
        },
        "node_modules/has-tostringtag": {
            "version": "1.0.2",
            "resolved": "https://registry.npmjs.org/has-tostringtag/-/has-tostringtag-1.0.2.tgz",
            "integrity": "sha512-NqADB8VjPFLM2V0VvHUewwwsw0ZWBaIdgo+ieHtK3hasLz4qeCRjYcqfB6AQrBggRKppKF8L52/VqdVsO47Dlw==",
            "license": "MIT",
            "dependencies": {
                "has-symbols": "^1.0.3"
            },
            "engines": {
                "node": ">= 0.4"
            },
            "funding": {
                "url": "https://github.com/sponsors/ljharb"
            }
        },
        "node_modules/hasown": {
            "version": "2.0.2",
            "resolved": "https://registry.npmjs.org/hasown/-/hasown-2.0.2.tgz",
            "integrity": "sha512-0hJU9SCPvmMzIBdZFqNPXWa6dqh7WdH0cII9y+CyS8rG3nL48Bclra9HmKhVVUHyPWNH5Y7xDwAB7bfgSjkUMQ==",
            "license": "MIT",
            "dependencies": {
                "function-bind": "^1.1.2"
            },
            "engines": {
                "node": ">= 0.4"
            }
        },
        "node_modules/home-assistant-js-websocket": {
            "version": "9.4.0",
            "resolved": "https://registry.npmjs.org/home-assistant-js-websocket/-/home-assistant-js-websocket-9.4.0.tgz",
            "integrity": "sha512-312TuI63IfKf8G+iWvKmPYIdxWMNojwVk03o9OSpQFFDjSCNAYdCUfuPCFs73SuJ1Xpd4D1Eo11CB33MGMqZ+Q==",
            "license": "Apache-2.0"
        },
        "node_modules/influx": {
            "version": "5.9.7",
            "resolved": "https://registry.npmjs.org/influx/-/influx-5.9.7.tgz",
            "integrity": "sha512-F3PUzy/CHjbYizuJqekjcrMrwnY7KrK55xBoyGw3H644I5FNgcF7zX8nfXVNXEgb+giKuAI0pX6NRhB33XpEnA==",
            "license": "MIT"
        },
        "node_modules/ip": {
            "version": "1.1.9",
            "resolved": "https://registry.npmjs.org/ip/-/ip-1.1.9.tgz",
            "integrity": "sha512-cyRxvOEpNHNtchU3Ln9KC/auJgup87llfQpQ+t5ghoC/UhL16SWzbueiCsdTnWmqAWl7LadfuwhlqmtOaqMHdQ==",
            "license": "MIT"
        },
        "node_modules/is-arguments": {
            "version": "1.2.0",
            "resolved": "https://registry.npmjs.org/is-arguments/-/is-arguments-1.2.0.tgz",
            "integrity": "sha512-7bVbi0huj/wrIAOzb8U1aszg9kdi3KN/CyU19CTI7tAoZYEZoL9yCDXpbXN+uPsuWnP02cyug1gleqq+TU+YCA==",
            "license": "MIT",
            "dependencies": {
                "call-bound": "^1.0.2",
                "has-tostringtag": "^1.0.2"
            },
            "engines": {
                "node": ">= 0.4"
            },
            "funding": {
                "url": "https://github.com/sponsors/ljharb"
            }
        },
        "node_modules/is-date-object": {
            "version": "1.1.0",
            "resolved": "https://registry.npmjs.org/is-date-object/-/is-date-object-1.1.0.tgz",
            "integrity": "sha512-PwwhEakHVKTdRNVOw+/Gyh0+MzlCl4R6qKvkhuvLtPMggI1WAHt9sOwZxQLSGpUaDnrdyDsomoRgNnCfKNSXXg==",
            "license": "MIT",
            "dependencies": {
                "call-bound": "^1.0.2",
                "has-tostringtag": "^1.0.2"
            },
            "engines": {
                "node": ">= 0.4"
            },
            "funding": {
                "url": "https://github.com/sponsors/ljharb"
            }
        },
        "node_modules/is-promise": {
            "version": "2.2.2",
            "resolved": "https://registry.npmjs.org/is-promise/-/is-promise-2.2.2.tgz",
            "integrity": "sha512-+lP4/6lKUBfQjZ2pdxThZvLUAafmZb8OAxFb8XXtiQmS35INgr85hdOGoEs124ez1FCnZJt6jau/T+alh58QFQ==",
            "license": "MIT"
        },
        "node_modules/is-regex": {
            "version": "1.2.1",
            "resolved": "https://registry.npmjs.org/is-regex/-/is-regex-1.2.1.tgz",
            "integrity": "sha512-MjYsKHO5O7mCsmRGxWcLWheFqN9DJ/2TmngvjKXihe6efViPqc274+Fx/4fYj/r03+ESvBdTXK0V6tA3rgez1g==",
            "license": "MIT",
            "dependencies": {
                "call-bound": "^1.0.2",
                "gopd": "^1.2.0",
                "has-tostringtag": "^1.0.2",
                "hasown": "^2.0.2"
            },
            "engines": {
                "node": ">= 0.4"
            },
            "funding": {
                "url": "https://github.com/sponsors/ljharb"
            }
        },
        "node_modules/joi": {
            "version": "17.13.3",
            "resolved": "https://registry.npmjs.org/joi/-/joi-17.13.3.tgz",
            "integrity": "sha512-otDA4ldcIx+ZXsKHWmp0YizCweVRZG96J10b0FevjfuncLO1oX59THoAmHkNubYJ+9gWsYsp5k8v4ib6oDv1fA==",
            "license": "BSD-3-Clause",
            "dependencies": {
                "@hapi/hoek": "^9.3.0",
                "@hapi/topo": "^5.1.0",
                "@sideway/address": "^4.1.5",
                "@sideway/formula": "^3.0.1",
                "@sideway/pinpoint": "^2.0.0"
            }
        },
        "node_modules/lodash": {
            "version": "4.17.21",
            "resolved": "https://registry.npmjs.org/lodash/-/lodash-4.17.21.tgz",
            "integrity": "sha512-v2kDEe57lecTulaDIuNTPy3Ry4gLGJ6Z1O3vE1krgXZNrsQ+LFTGHVxVjcXPs17LhbZVGedAJv8XZ1tvj5FvSg==",
            "license": "MIT"
        },
        "node_modules/lowdb": {
            "version": "1.0.0",
            "resolved": "https://registry.npmjs.org/lowdb/-/lowdb-1.0.0.tgz",
            "integrity": "sha512-2+x8esE/Wb9SQ1F9IHaYWfsC9FIecLOPrK4g17FGEayjUWH172H6nwicRovGvSE2CPZouc2MCIqCI7h9d+GftQ==",
            "license": "MIT",
            "dependencies": {
                "graceful-fs": "^4.1.3",
                "is-promise": "^2.1.0",
                "lodash": "4",
                "pify": "^3.0.0",
                "steno": "^0.4.1"
            },
            "engines": {
                "node": ">=4"
            }
        },
        "node_modules/math-intrinsics": {
            "version": "1.1.0",
            "resolved": "https://registry.npmjs.org/math-intrinsics/-/math-intrinsics-1.1.0.tgz",
            "integrity": "sha512-/IXtbwEk5HTPyEwyKX6hGkYXxM9nbj64B+ilVJnC/R6B0pH5G4V3b0pVbL7DBj4tkhBAppbQUlf6F6Xl9LHu1g==",
            "license": "MIT",
            "engines": {
                "node": ">= 0.4"
            }
        },
        "node_modules/mime-db": {
            "version": "1.52.0",
            "resolved": "https://registry.npmjs.org/mime-db/-/mime-db-1.52.0.tgz",
            "integrity": "sha512-sPU4uV7dYlvtWJxwwxHD0PuihVNiE7TyAbQ5SWxDCB9mUYvOgroQOwYQQOKPJ8CIbE+1ETVlOoK1UC2nU3gYvg==",
            "license": "MIT",
            "engines": {
                "node": ">= 0.6"
            }
        },
        "node_modules/mime-types": {
            "version": "2.1.35",
            "resolved": "https://registry.npmjs.org/mime-types/-/mime-types-2.1.35.tgz",
            "integrity": "sha512-ZDY+bPm5zTTF+YpCrAU9nK0UgICYPT0QtT1NZWFv4s++TNkcgVaT0g6+4R2uI4MjQjzysHB1zxuWL50hzaeXiw==",
            "license": "MIT",
            "dependencies": {
                "mime-db": "1.52.0"
            },
            "engines": {
                "node": ">= 0.6"
            }
        },
        "node_modules/ms": {
            "version": "2.1.3",
            "resolved": "https://registry.npmjs.org/ms/-/ms-2.1.3.tgz",
            "integrity": "sha512-6FlzubTLZG3J2a/NVCAleEhjzq5oxgHyaCU9yYXvcLsvoVaHJq/s5xXI6/XXP6tz7R9xAOtHnSO/tXtF3WRTlA==",
            "license": "MIT"
        },
        "node_modules/multicast-dns": {
            "version": "6.2.3",
            "resolved": "https://registry.npmjs.org/multicast-dns/-/multicast-dns-6.2.3.tgz",
            "integrity": "sha512-ji6J5enbMyGRHIAkAOu3WdV8nggqviKCEKtXcOqfphZZtQrmHKycfynJ2V7eVPUA4NhJ6V7Wf4TmGbTwKE9B6g==",
            "license": "MIT",
            "dependencies": {
                "dns-packet": "^1.3.1",
                "thunky": "^1.0.2"
            },
            "bin": {
                "multicast-dns": "cli.js"
            }
        },
        "node_modules/multicast-dns-service-types": {
            "version": "1.1.0",
            "resolved": "https://registry.npmjs.org/multicast-dns-service-types/-/multicast-dns-service-types-1.1.0.tgz",
            "integrity": "sha512-cnAsSVxIDsYt0v7HmC0hWZFwwXSh+E6PgCrREDuN/EsjgLwA5XRmlMHhSiDPrt6HxY1gTivEa/Zh7GtODoLevQ==",
            "license": "MIT"
        },
        "node_modules/mustache": {
            "version": "4.2.0",
            "resolved": "https://registry.npmjs.org/mustache/-/mustache-4.2.0.tgz",
            "integrity": "sha512-71ippSywq5Yb7/tVYyGbkBggbU8H3u5Rz56fH60jGFgr8uHwxs+aSKeqmluIVzM0m0kB7xQjKS6qPfd0b2ZoqQ==",
            "license": "MIT",
            "bin": {
                "mustache": "bin/mustache"
            }
        },
        "node_modules/node-red-contrib-home-assistant-websocket": {
            "version": "0.75.0",
            "resolved": "https://registry.npmjs.org/node-red-contrib-home-assistant-websocket/-/node-red-contrib-home-assistant-websocket-0.75.0.tgz",
            "integrity": "sha512-3qomzlAnD6j+2/4p8mjj3cwHUokUjLCCBFS3HC3lYrBNhfmS6PwTtoYpJ6I65+vZHi1alBbndj/vvybZqri8jg==",
            "license": "MIT",
            "dependencies": {
                "axios": "1.7.7",
                "bonjour": "3.5.0",
                "compare-versions": "6.1.1",
                "cronosjs": "^1.7.1",
                "debug": "4.3.7",
                "flat": "^5.0.2",
                "geolib": "3.3.4",
                "home-assistant-js-websocket": "9.4.0",
                "joi": "17.13.3",
                "lodash": "4.17.21",
                "lowdb": "^1.0.0",
                "mustache": "4.2.0",
                "selectn": "1.1.2",
                "slugify": "1.6.6",
                "timestring": "7.0.0",
                "ws": "8.18.0"
            },
            "engines": {
                "node": ">=18.2.0"
            }
        },
        "node_modules/node-red-contrib-influxdb": {
            "version": "0.7.0",
            "resolved": "https://registry.npmjs.org/node-red-contrib-influxdb/-/node-red-contrib-influxdb-0.7.0.tgz",
            "integrity": "sha512-WyjBYXPKZUZZxt4TwMcqk9bKhJjWXeGKie0HWnj5hZpJEYWvLzKjJHPFDLdx2IsflRoM40w1MGtH6F7xjbS2bQ==",
            "license": "Apache-2.0",
            "dependencies": {
                "@influxdata/influxdb-client": "~1.33.2",
                "influx": "~5.9.3",
                "lodash": "~4.17.21"
            },
            "engines": {
                "node": ">=10"
            }
        },
        "node_modules/object-is": {
            "version": "1.1.6",
            "resolved": "https://registry.npmjs.org/object-is/-/object-is-1.1.6.tgz",
            "integrity": "sha512-F8cZ+KfGlSGi09lJT7/Nd6KJZ9ygtvYC0/UYYLI9nmQKLMnydpB9yvbv9K1uSkEu7FU9vYPmVwLg328tX+ot3Q==",
            "license": "MIT",
            "dependencies": {
                "call-bind": "^1.0.7",
                "define-properties": "^1.2.1"
            },
            "engines": {
                "node": ">= 0.4"
            },
            "funding": {
                "url": "https://github.com/sponsors/ljharb"
            }
        },
        "node_modules/object-keys": {
            "version": "1.1.1",
            "resolved": "https://registry.npmjs.org/object-keys/-/object-keys-1.1.1.tgz",
            "integrity": "sha512-NuAESUOUMrlIXOfHKzD6bpPu3tYt3xvjNdRIQ+FeT0lNb4K8WR70CaDxhuNguS2XG+GjkyMwOzsN5ZktImfhLA==",
            "license": "MIT",
            "engines": {
                "node": ">= 0.4"
            }
        },
        "node_modules/pify": {
            "version": "3.0.0",
            "resolved": "https://registry.npmjs.org/pify/-/pify-3.0.0.tgz",
            "integrity": "sha512-C3FsVNH1udSEX48gGX1xfvwTWfsYWj5U+8/uK15BGzIGrKoUpghX8hWZwa/OFnakBiiVNmBvemTJR5mcy7iPcg==",
            "license": "MIT",
            "engines": {
                "node": ">=4"
            }
        },
        "node_modules/proxy-from-env": {
            "version": "1.1.0",
            "resolved": "https://registry.npmjs.org/proxy-from-env/-/proxy-from-env-1.1.0.tgz",
            "integrity": "sha512-D+zkORCbA9f1tdWRK0RaCR3GPv50cMxcrz4X8k5LTSUD1Dkw47mKJEZQNunItRTkWwgtaUSo1RVFRIG9ZXiFYg==",
            "license": "MIT"
        },
        "node_modules/regexp.prototype.flags": {
            "version": "1.5.4",
            "resolved": "https://registry.npmjs.org/regexp.prototype.flags/-/regexp.prototype.flags-1.5.4.tgz",
            "integrity": "sha512-dYqgNSZbDwkaJ2ceRd9ojCGjBq+mOm9LmtXnAnEGyHhN/5R7iDW2TRw3h+o/jCFxus3P2LfWIIiwowAjANm7IA==",
            "license": "MIT",
            "dependencies": {
                "call-bind": "^1.0.8",
                "define-properties": "^1.2.1",
                "es-errors": "^1.3.0",
                "get-proto": "^1.0.1",
                "gopd": "^1.2.0",
                "set-function-name": "^2.0.2"
            },
            "engines": {
                "node": ">= 0.4"
            },
            "funding": {
                "url": "https://github.com/sponsors/ljharb"
            }
        },
        "node_modules/safe-buffer": {
            "version": "5.2.1",
            "resolved": "https://registry.npmjs.org/safe-buffer/-/safe-buffer-5.2.1.tgz",
            "integrity": "sha512-rp3So07KcdmmKbGvgaNxQSJr7bGVSVk5S9Eq1F+ppbRo70+YeaDxkw5Dd8NPN+GD6bjnYm2VuPuCXmpuYvmCXQ==",
            "funding": [
                {
                    "type": "github",
                    "url": "https://github.com/sponsors/feross"
                },
                {
                    "type": "patreon",
                    "url": "https://www.patreon.com/feross"
                },
                {
                    "type": "consulting",
                    "url": "https://feross.org/support"
                }
            ],
            "license": "MIT"
        },
        "node_modules/selectn": {
            "version": "1.1.2",
            "resolved": "https://registry.npmjs.org/selectn/-/selectn-1.1.2.tgz",
            "integrity": "sha512-AaQlR5br4jWANaF5p5J1ctpsOKwFE5ljWK8ZUSrc4u4ZwcmFLyiowTMt7UjfzQN2/aXF3xnuSVnV4c3Q9tBDqQ==",
            "license": "MIT",
            "dependencies": {
                "brackets2dots": "^1.1.0",
                "curry2": "^1.0.0",
                "debug": "^2.5.2",
                "dotsplit.js": "^1.0.3"
            }
        },
        "node_modules/selectn/node_modules/debug": {
            "version": "2.6.9",
            "resolved": "https://registry.npmjs.org/debug/-/debug-2.6.9.tgz",
            "integrity": "sha512-bC7ElrdJaJnPbAP+1EotYvqZsb3ecl5wi6Bfi6BJTUcNowp6cvspg0jXznRTKDjm/E7AdgFBVeAPVMNcKGsHMA==",
            "license": "MIT",
            "dependencies": {
                "ms": "2.0.0"
            }
        },
        "node_modules/selectn/node_modules/ms": {
            "version": "2.0.0",
            "resolved": "https://registry.npmjs.org/ms/-/ms-2.0.0.tgz",
            "integrity": "sha512-Tpp60P6IUJDTuOq/5Z8cdskzJujfwqfOTkrwIwj7IRISpnkJnT6SyJ4PCPnGMoFjC9ddhal5KVIYtAt97ix05A==",
            "license": "MIT"
        },
        "node_modules/set-function-length": {
            "version": "1.2.2",
            "resolved": "https://registry.npmjs.org/set-function-length/-/set-function-length-1.2.2.tgz",
            "integrity": "sha512-pgRc4hJ4/sNjWCSS9AmnS40x3bNMDTknHgL5UaMBTMyJnU90EgWh1Rz+MC9eFu4BuN/UwZjKQuY/1v3rM7HMfg==",
            "license": "MIT",
            "dependencies": {
                "define-data-property": "^1.1.4",
                "es-errors": "^1.3.0",
                "function-bind": "^1.1.2",
                "get-intrinsic": "^1.2.4",
                "gopd": "^1.0.1",
                "has-property-descriptors": "^1.0.2"
            },
            "engines": {
                "node": ">= 0.4"
            }
        },
        "node_modules/set-function-name": {
            "version": "2.0.2",
            "resolved": "https://registry.npmjs.org/set-function-name/-/set-function-name-2.0.2.tgz",
            "integrity": "sha512-7PGFlmtwsEADb0WYyvCMa1t+yke6daIG4Wirafur5kcf+MhUnPms1UeR0CKQdTZD81yESwMHbtn+TR+dMviakQ==",
            "license": "MIT",
            "dependencies": {
                "define-data-property": "^1.1.4",
                "es-errors": "^1.3.0",
                "functions-have-names": "^1.2.3",
                "has-property-descriptors": "^1.0.2"
            },
            "engines": {
                "node": ">= 0.4"
            }
        },
        "node_modules/slugify": {
            "version": "1.6.6",
            "resolved": "https://registry.npmjs.org/slugify/-/slugify-1.6.6.tgz",
            "integrity": "sha512-h+z7HKHYXj6wJU+AnS/+IH8Uh9fdcX1Lrhg1/VMdf9PwoBQXFcXiAdsy2tSK0P6gKwJLXp02r90ahUCqHk9rrw==",
            "license": "MIT",
            "engines": {
                "node": ">=8.0.0"
            }
        },
        "node_modules/steno": {
            "version": "0.4.4",
            "resolved": "https://registry.npmjs.org/steno/-/steno-0.4.4.tgz",
            "integrity": "sha512-EEHMVYHNXFHfGtgjNITnka0aHhiAlo93F7z2/Pwd+g0teG9CnM3JIINM7hVVB5/rhw9voufD7Wukwgtw2uqh6w==",
            "license": "MIT",
            "dependencies": {
                "graceful-fs": "^4.1.3"
            }
        },
        "node_modules/thunky": {
            "version": "1.1.0",
            "resolved": "https://registry.npmjs.org/thunky/-/thunky-1.1.0.tgz",
            "integrity": "sha512-eHY7nBftgThBqOyHGVN+l8gF0BucP09fMo0oO/Lb0w1OF80dJv+lDVpXG60WMQvkcxAkNybKsrEIE3ZtKGmPrA==",
            "license": "MIT"
        },
        "node_modules/timestring": {
            "version": "7.0.0",
            "resolved": "https://registry.npmjs.org/timestring/-/timestring-7.0.0.tgz",
            "integrity": "sha512-U7ttxEdKWqHYJ96OGoJJR5gU8Nwkl3tlY0n7Jr4vcpLD2RkVZLE1Ph9k8ZRrZ7LYX9QCtd3M9OUaR9P8Z37QNg==",
            "license": "MIT",
            "engines": {
                "node": ">=12"
            }
        },
        "node_modules/ws": {
            "version": "8.18.0",
            "resolved": "https://registry.npmjs.org/ws/-/ws-8.18.0.tgz",
            "integrity": "sha512-8VbfWfHLbbwu3+N6OKsOMpBdT4kXPDDB9cJk2bJ6mh9ucxdlnNvH1e+roYkKmN9Nxw2yjz7VzeO9oOz2zJ04Pw==",
            "license": "MIT",
            "engines": {
                "node": ">=10.0.0"
            },
            "peerDependencies": {
                "bufferutil": "^4.0.1",
                "utf-8-validate": ">=5.0.2"
            },
            "peerDependenciesMeta": {
                "bufferutil": {
                    "optional": true
                },
                "utf-8-validate": {
                    "optional": true
                }
            }
        }
    }
}
